
Microsoft Visual Studio Solution File, Format Version 12.00
# Visual Studio 2013
VisualStudioVersion = 12.0.20623.1 VSUPREVIEW
MinimumVisualStudioVersion = 10.0.40219.1
Project("{FAE04EC0-301F-11D3-BF4B-00C04F79EFBC}") = "MaintenanceDB", "MaintenanceDB\MaintenanceDB\MaintenanceDB.csproj", "{680DD0FD-37AA-4584-8E01-69C9356C020A}"
EndProject
Project("{FAE04EC0-301F-11D3-BF4B-00C04F79EFBC}") = "MainApp", "MainApp\MainApp\MainApp.csproj", "{52B084D8-16C8-4D3C-BAC0-BC727D95F9E5}"
EndProject
Project("{FAE04EC0-301F-11D3-BF4B-00C04F79EFBC}") = "HelloWord", "HelloWord\HelloWord.csproj", "{B66BB7FB-D6E4-4D73-A375-933A09AB0168}"
EndProject
Global
	GlobalSection(SolutionConfigurationPlatforms) = preSolution
		Debug|Any CPU = Debug|Any CPU
		Release|Any CPU = Release|Any CPU
	EndGlobalSection
	GlobalSection(ProjectConfigurationPlatforms) = postSolution
		{680DD0FD-37AA-4584-8E01-69C9356C020A}.Debug|Any CPU.ActiveCfg = Debug|Any CPU
		{680DD0FD-37AA-4584-8E01-69C9356C020A}.Debug|Any CPU.Build.0 = Debug|Any CPU
		{680DD0FD-37AA-4584-8E01-69C9356C020A}.Release|Any CPU.ActiveCfg = Release|Any CPU
		{680DD0FD-37AA-4584-8E01-69C9356C020A}.Release|Any CPU.Build.0 = Release|Any CPU
		{52B084D8-16C8-4D3C-BAC0-BC727D95F9E5}.Debug|Any CPU.ActiveCfg = Debug|Any CPU
		{52B084D8-16C8-4D3C-BAC0-BC727D95F9E5}.Debug|Any CPU.Build.0 = Debug|Any CPU
		{52B084D8-16C8-4D3C-BAC0-BC727D95F9E5}.Release|Any CPU.ActiveCfg = Release|Any CPU
		{52B084D8-16C8-4D3C-BAC0-BC727D95F9E5}.Release|Any CPU.Build.0 = Release|Any CPU
		{B66BB7FB-D6E4-4D73-A375-933A09AB0168}.Debug|Any CPU.ActiveCfg = Debug|Any CPU
		{B66BB7FB-D6E4-4D73-A375-933A09AB0168}.Debug|Any CPU.Build.0 = Debug|Any CPU
		{B66BB7FB-D6E4-4D73-A375-933A09AB0168}.Release|Any CPU.ActiveCfg = Release|Any CPU
		{B66BB7FB-D6E4-4D73-A375-933A09AB0168}.Release|Any CPU.Build.0 = Release|Any CPU
	EndGlobalSection
	GlobalSection(SolutionProperties) = preSolution
		HideSolutionNode = FALSE
	EndGlobalSection
EndGlobal
