
Microsoft Visual Studio Solution File, Format Version 12.00
# Visual Studio 2012
Project("{FAE04EC0-301F-11D3-BF4B-00C04F79EFBC}") = "Dev_Appdb", "Dev_Appdb\Dev_Appdb.csproj", "{7621918A-88AD-4A84-AF8C-FFB1573B80E5}"
EndProject
Global
	GlobalSection(SolutionConfigurationPlatforms) = preSolution
		Debug|Any CPU = Debug|Any CPU
		Release|Any CPU = Release|Any CPU
	EndGlobalSection
	GlobalSection(ProjectConfigurationPlatforms) = postSolution
		{7621918A-88AD-4A84-AF8C-FFB1573B80E5}.Debug|Any CPU.ActiveCfg = Debug|Any CPU
		{7621918A-88AD-4A84-AF8C-FFB1573B80E5}.Debug|Any CPU.Build.0 = Debug|Any CPU
		{7621918A-88AD-4A84-AF8C-FFB1573B80E5}.Release|Any CPU.ActiveCfg = Release|Any CPU
		{7621918A-88AD-4A84-AF8C-FFB1573B80E5}.Release|Any CPU.Build.0 = Release|Any CPU
	EndGlobalSection
	GlobalSection(SolutionProperties) = preSolution
		HideSolutionNode = FALSE
	EndGlobalSection
EndGlobal
